
Microsoft Visual Studio Solution File, Format Version 12.00
# Visual Studio Version 16
VisualStudioVersion = 16.0.33214.272
MinimumVisualStudioVersion = 10.0.40219.1
Project("{9A19103F-16F7-4668-BE54-9A1E7A4F7556}") = "Mission09_dbdecker", "Mission09_dbdecker\Mission09_dbdecker.csproj", "{244F4521-0A0B-44CA-A8AC-2DEF150AB486}"
EndProject
Global
	GlobalSection(SolutionConfigurationPlatforms) = preSolution
		Debug|Any CPU = Debug|Any CPU
		Release|Any CPU = Release|Any CPU
	EndGlobalSection
	GlobalSection(ProjectConfigurationPlatforms) = postSolution
		{244F4521-0A0B-44CA-A8AC-2DEF150AB486}.Debug|Any CPU.ActiveCfg = Debug|Any CPU
		{244F4521-0A0B-44CA-A8AC-2DEF150AB486}.Debug|Any CPU.Build.0 = Debug|Any CPU
		{244F4521-0A0B-44CA-A8AC-2DEF150AB486}.Release|Any CPU.ActiveCfg = Release|Any CPU
		{244F4521-0A0B-44CA-A8AC-2DEF150AB486}.Release|Any CPU.Build.0 = Release|Any CPU
	EndGlobalSection
	GlobalSection(SolutionProperties) = preSolution
		HideSolutionNode = FALSE
	EndGlobalSection
	GlobalSection(ExtensibilityGlobals) = postSolution
		SolutionGuid = {3F892367-01C9-4CA9-8C90-6910C052F67D}
	EndGlobalSection
EndGlobal
